{
  "version": "1.8.7-cf-node14",
  "lockfileVersion": 1,
  "requires": true,
  "dependencies": {
    "dateformat": {
      "version": "1.0.6-1.2.3",
      "resolved": "https://artifactory-iva.si.francetelecom.fr/artifactory/api/npm/npm-virt-orange-project-devops/dateformat/-/dateformat-1.0.6-1.2.3.tgz",
      "integrity": "sha1-az3p+XT2mNiy0/+QlLuqyNaWwWs="
    },
    "ep_adminpads": {
      "version": "0.0.12",
      "resolved": "https://artifactory-iva.si.francetelecom.fr/artifactory/api/npm/npm-virt-orange-project-devops/ep_adminpads/-/ep_adminpads-0.0.12.tgz",
      "integrity": "sha1-6KBLbHf3bZ2HA8m0DmVpUPL1wSU="
    },
    "ep_colors": {
      "version": "0.0.3",
      "resolved": "https://artifactory-iva.si.francetelecom.fr/artifactory/api/npm/npm-virt-orange-project-devops/ep_colors/-/ep_colors-0.0.3.tgz",
      "integrity": "sha1-qpXhsS4AntawXQzLGIykgp55l4A="
    },
    "ep_headings2": {
      "version": "0.0.9",
      "resolved": "https://artifactory-iva.si.francetelecom.fr/artifactory/api/npm/npm-virt-orange-project-devops/ep_headings2/-/ep_headings2-0.0.9.tgz",
      "integrity": "sha1-EV9BYqLkmAigzuUOBK/ybFkdsNQ="
    },
    "ep_historicalsearch": {
      "version": "0.0.8",
      "resolved": "https://artifactory-iva.si.francetelecom.fr/artifactory/api/npm/npm-virt-orange-project-devops/ep_historicalsearch/-/ep_historicalsearch-0.0.8.tgz",
      "integrity": "sha1-E41P5bvuTe0FJvW7hcCB9A4n8CU="
    },
    "ep_list_pads": {
      "version": "0.0.4",
      "resolved": "https://artifactory-iva.si.francetelecom.fr/artifactory/api/npm/npm-virt-orange-project-devops/ep_list_pads/-/ep_list_pads-0.0.4.tgz",
      "integrity": "sha1-5T5n3zYzRCaj+5xQTRzFyrq6fT8=",
      "requires": {
        "regexp-quote": "*"
      }
    },
    "ep_pad-lister": {
      "version": "1.1.3",
      "resolved": "https://artifactory-iva.si.francetelecom.fr/artifactory/api/npm/npm-virt-orange-project-devops/ep_pad-lister/-/ep_pad-lister-1.1.3.tgz",
      "integrity": "sha1-1aEYaYUYXrzbYzpcjlYBZVSn2a0=",
      "requires": {
        "dateformat": "1.0.6-1.2.3"
      }
    },
    "ep_pad_tracker": {
      "version": "0.0.9",
      "resolved": "https://artifactory-iva.si.francetelecom.fr/artifactory/api/npm/npm-virt-orange-project-devops/ep_pad_tracker/-/ep_pad_tracker-0.0.09.tgz",
      "integrity": "sha1-Ns9TCqgvGc05wHSrWnr+dfGkyTc="
    },
    "ep_previewimages": {
      "version": "0.0.9",
      "resolved": "https://artifactory-iva.si.francetelecom.fr/artifactory/api/npm/npm-virt-orange-project-devops/ep_previewimages/-/ep_previewimages-0.0.9.tgz",
      "integrity": "sha1-QX2WJJxQ+KWaHvbGQOSsmMJqEGs="
    },
    "ep_prompt_for_name": {
      "version": "0.1.0",
      "resolved": "https://artifactory-iva.si.francetelecom.fr/artifactory/api/npm/npm-virt-orange-project-devops/ep_prompt_for_name/-/ep_prompt_for_name-0.1.0.tgz",
      "integrity": "sha1-OndnoqsPyn+2gUOw9B5QfQRw33M="
    },
    "ep_public_view": {
      "version": "0.0.5",
      "resolved": "https://artifactory-iva.si.francetelecom.fr/artifactory/api/npm/npm-virt-orange-project-devops/ep_public_view/-/ep_public_view-0.0.5.tgz",
      "integrity": "sha1-6e0dSaz4mgckjVzFeuFapOV6eqU="
    },
    "ep_scrollto": {
      "version": "0.0.6",
      "resolved": "https://artifactory-iva.si.francetelecom.fr/artifactory/api/npm/npm-virt-orange-project-devops/ep_scrollto/-/ep_scrollto-0.0.6.tgz",
      "integrity": "sha1-a1fiJDy4R34UN8NIqUy2vMFi+R0="
    },
    "ep_set_title_on_pad": {
      "version": "0.1.4",
      "resolved": "https://artifactory-iva.si.francetelecom.fr/artifactory/api/npm/npm-virt-orange-project-devops/ep_set_title_on_pad/-/ep_set_title_on_pad-0.1.4.tgz",
      "integrity": "sha1-uJs1QkJQnAzIJbdTLeUFqIO6srM="
    },
    "ep_table_of_contents": {
      "version": "0.1.15",
      "resolved": "https://artifactory-iva.si.francetelecom.fr/artifactory/api/npm/npm-virt-orange-project-devops/ep_table_of_contents/-/ep_table_of_contents-0.1.15.tgz",
      "integrity": "sha1-staqTMt4VOJpz5ky/kfFEVFy0dc="
    },
    "ep_tables2": {
      "version": "0.2.13",
      "resolved": "https://artifactory-iva.si.francetelecom.fr/artifactory/api/npm/npm-virt-orange-project-devops/ep_tables2/-/ep_tables2-0.2.13.tgz",
      "integrity": "sha1-g7MsoGvwmdYG6RUqSuKtTHe0OYs="
    },
    "ep_wrap": {
      "version": "0.0.4",
      "resolved": "https://artifactory-iva.si.francetelecom.fr/artifactory/api/npm/npm-virt-orange-project-devops/ep_wrap/-/ep_wrap-0.0.4.tgz",
      "integrity": "sha1-EIy1ISVZGwsmn/VAEj7MfnKuRz8="
    },
    "graceful-fs": {
      "version": "4.2.4",
      "resolved": "https://artifactory-iva.si.francetelecom.fr/artifactory/api/npm/npm-virt-orange-project-devops/graceful-fs/-/graceful-fs-4.2.4.tgz",
      "integrity": "sha1-Ila94U02MpWMRl68ltxGfKB6Kfs="
    },
    "regexp-quote": {
      "version": "0.0.0",
      "resolved": "https://artifactory-iva.si.francetelecom.fr/artifactory/api/npm/npm-virt-orange-project-devops/regexp-quote/-/regexp-quote-0.0.0.tgz",
      "integrity": "sha1-Hg9GUMhi3L/tVP1CsUjpuxch/PI="
    }
  }
}
